Microsoft Visual Studio Solution File, Format Version 12.00
# Visual Studio Version 17
VisualStudioVersion = 17.5.2.0
MinimumVisualStudioVersion = 10.0.40219.1
Project("{2150E333-8FDC-42A3-9474-1A3956D46DE8}") = "api", "api", "{D82C56D6-B2CD-F611-9E31-04638F7EC30E}"
EndProject
Project("{FAE04EC0-301F-11D3-BF4B-00C04F79EFBC}") = "VoiceScheduling.Api", "api\VoiceScheduling.Api\VoiceScheduling.Api.csproj", "{BD52B638-9C99-9F6A-BEE6-C338AC129ACF}"
EndProject
Global
	GlobalSection(SolutionConfigurationPlatforms) = preSolution
		Debug|Any CPU = Debug|Any CPU
		Release|Any CPU = Release|Any CPU
	EndGlobalSection
	GlobalSection(ProjectConfigurationPlatforms) = postSolution
		{BD52B638-9C99-9F6A-BEE6-C338AC129ACF}.Debug|Any CPU.ActiveCfg = Debug|Any CPU
		{BD52B638-9C99-9F6A-BEE6-C338AC129ACF}.Debug|Any CPU.Build.0 = Debug|Any CPU
		{BD52B638-9C99-9F6A-BEE6-C338AC129ACF}.Release|Any CPU.ActiveCfg = Release|Any CPU
		{BD52B638-9C99-9F6A-BEE6-C338AC129ACF}.Release|Any CPU.Build.0 = Release|Any CPU
	EndGlobalSection
	GlobalSection(SolutionProperties) = preSolution
		HideSolutionNode = FALSE
	EndGlobalSection
	GlobalSection(NestedProjects) = preSolution
		{BD52B638-9C99-9F6A-BEE6-C338AC129ACF} = {D82C56D6-B2CD-F611-9E31-04638F7EC30E}
	EndGlobalSection
	GlobalSection(ExtensibilityGlobals) = postSolution
		SolutionGuid = {5ECFB583-75C6-4FE6-A970-BD364DA3D9DD}
	EndGlobalSection
EndGlobal
